<?xml version="1.0" encoding="utf-8"?>
<Project ToolsVersion="4.0" xmlns="http://schemas.microsoft.com/developer/msbuild/2003">
  <ItemGroup>
    <Filter Include="源文件">
      <UniqueIdentifier>{4FC737F1-C7A5-4376-A066-2A32D752A2FF}</UniqueIdentifier>
      <Extensions>cpp;c;cc;cxx;def;odl;idl;hpj;bat;asm;asmx</Extensions>
    </Filter>
    <Filter Include="头文件">
      <UniqueIdentifier>{93995380-89BD-4b04-88EB-625FBE52EBFB}</UniqueIdentifier>
      <Extensions>h;hpp;hxx;hm;inl;inc;xsd</Extensions>
    </Filter>
    <Filter Include="资源文件">
      <UniqueIdentifier>{67DA6AB6-F800-4c08-8B7A-83BB121AAD01}</UniqueIdentifier>
      <Extensions>rc;ico;cur;bmp;dlg;rc2;rct;bin;rgs;gif;jpg;jpeg;jpe;resx;tiff;tif;png;wav;mfcribbon-ms</Extensions>
    </Filter>
    <Filter Include="头文件\GD_base">
      <UniqueIdentifier>{575c51d0-701e-4429-bee4-03bc30f60c88}</UniqueIdentifier>
    </Filter>
    <Filter Include="源文件\GD_base">
      <UniqueIdentifier>{0ab2cc64-2099-4b10-a981-696fd71b7821}</UniqueIdentifier>
    </Filter>
    <Filter Include="generic">
      <UniqueIdentifier>{8082310e-5a92-4a2b-9235-1efd18287dc9}</UniqueIdentifier>
    </Filter>
  </ItemGroup>
  <ItemGroup>
    <Text Include="ReadMe.txt" />
  </ItemGroup>
  <ItemGroup>
    <ClInclude Include="CLexi.h">
      <Filter>头文件</Filter>
    </ClInclude>
    <ClInclude Include="stdafx.h">
      <Filter>头文件</Filter>
    </ClInclude>
    <ClInclude Include="targetver.h">
      <Filter>头文件</Filter>
    </ClInclude>
    <ClInclude Include="MainFrm.h">
      <Filter>头文件</Filter>
    </ClInclude>
    <ClInclude Include="CLexiDoc.h">
      <Filter>头文件</Filter>
    </ClInclude>
    <ClInclude Include="CLexiView.h">
      <Filter>头文件</Filter>
    </ClInclude>
    <ClInclude Include="Resource.h">
      <Filter>头文件</Filter>
    </ClInclude>
    <ClInclude Include="LxDocument.h">
      <Filter>头文件</Filter>
    </ClInclude>
    <ClInclude Include="LxPaper.h">
      <Filter>头文件</Filter>
    </ClInclude>
    <ClInclude Include="LxCursor.h">
      <Filter>头文件</Filter>
    </ClInclude>
    <ClInclude Include="LxTreeBase.h">
      <Filter>头文件</Filter>
    </ClInclude>
    <ClInclude Include="LxContextBuf.h">
      <Filter>头文件</Filter>
    </ClInclude>
    <ClInclude Include="LxComposeDoc.h">
      <Filter>头文件</Filter>
    </ClInclude>
    <ClInclude Include="LxViewWindow.h">
      <Filter>头文件</Filter>
    </ClInclude>
    <ClInclude Include="LxDcViCtl.h">
      <Filter>头文件</Filter>
    </ClInclude>
    <ClInclude Include="LxSrcFontFactory.h">
      <Filter>头文件</Filter>
    </ClInclude>
    <ClInclude Include="LxCommand.h">
      <Filter>头文件</Filter>
    </ClInclude>
    <ClInclude Include="LxComposeAlgom.h">
      <Filter>头文件</Filter>
    </ClInclude>
    <ClInclude Include="LxRender.h">
      <Filter>头文件</Filter>
    </ClInclude>
    <ClInclude Include="LxCoordinate.h">
      <Filter>头文件</Filter>
    </ClInclude>
    <ClInclude Include="LxCommon.h">
      <Filter>头文件</Filter>
    </ClInclude>
    <ClInclude Include="GD_proxy_base.h">
      <Filter>头文件\GD_base</Filter>
    </ClInclude>
    <ClInclude Include="ChromiumTask.h">
      <Filter>generic</Filter>
    </ClInclude>
  </ItemGroup>
  <ItemGroup>
    <ClCompile Include="CLexi.cpp">
      <Filter>源文件</Filter>
    </ClCompile>
    <ClCompile Include="stdafx.cpp">
      <Filter>源文件</Filter>
    </ClCompile>
    <ClCompile Include="MainFrm.cpp">
      <Filter>源文件</Filter>
    </ClCompile>
    <ClCompile Include="CLexiDoc.cpp">
      <Filter>源文件</Filter>
    </ClCompile>
    <ClCompile Include="CLexiView.cpp">
      <Filter>源文件</Filter>
    </ClCompile>
    <ClCompile Include="LxDocument.cpp">
      <Filter>源文件</Filter>
    </ClCompile>
    <ClCompile Include="LxComposeDoc.cpp">
      <Filter>源文件</Filter>
    </ClCompile>
    <ClCompile Include="LxContextBuf.cpp">
      <Filter>源文件</Filter>
    </ClCompile>
    <ClCompile Include="LxTreeBase.cpp">
      <Filter>源文件</Filter>
    </ClCompile>
    <ClCompile Include="LxDcViCtl.cpp">
      <Filter>源文件</Filter>
    </ClCompile>
    <ClCompile Include="LxRender.cpp">
      <Filter>源文件</Filter>
    </ClCompile>
    <ClCompile Include="LxPaper.cpp">
      <Filter>源文件</Filter>
    </ClCompile>
    <ClCompile Include="LxViewWindow.cpp">
      <Filter>源文件</Filter>
    </ClCompile>
    <ClCompile Include="LxCommand.cpp">
      <Filter>源文件</Filter>
    </ClCompile>
    <ClCompile Include="LxSrcFontFactory.cpp">
      <Filter>源文件</Filter>
    </ClCompile>
    <ClCompile Include="LxComposeAlgom.cpp">
      <Filter>源文件</Filter>
    </ClCompile>
    <ClCompile Include="LxCoordinate.cpp">
      <Filter>源文件</Filter>
    </ClCompile>
    <ClCompile Include="LxCommon.cpp">
      <Filter>源文件</Filter>
    </ClCompile>
    <ClCompile Include="GD_proxy_base.cpp">
      <Filter>源文件\GD_base</Filter>
    </ClCompile>
    <ClCompile Include="ChromiumTask.cpp">
      <Filter>generic</Filter>
    </ClCompile>
  </ItemGroup>
  <ItemGroup>
    <ResourceCompile Include="CLexi.rc">
      <Filter>资源文件</Filter>
    </ResourceCompile>
  </ItemGroup>
  <ItemGroup>
    <None Include="res\CLexi.rc2">
      <Filter>资源文件</Filter>
    </None>
  </ItemGroup>
  <ItemGroup>
    <Image Include="res\CLexiDoc.ico">
      <Filter>资源文件</Filter>
    </Image>
    <Image Include="res\CLexi.ico">
      <Filter>资源文件</Filter>
    </Image>
    <Image Include="res\Toolbar.bmp">
      <Filter>资源文件</Filter>
    </Image>
  </ItemGroup>
</Project>